Microsoft Visual Studio Solution File, Format Version 11.00
# Visual Studio 2008

Project("{7D5F2150-1991-17D1-7EF8-85B944F3FE4F}") = "SwitchCamera", "Assembly-CSharp.csproj", "{9853218C-059F-DB69-CB20-0007129DE315}"
EndProject
Global
	GlobalSection(SolutionConfigurationPlatforms) = preSolution
		Debug|Any CPU = Debug|Any CPU
		Release|Any CPU = Release|Any CPU
	EndGlobalSection
	GlobalSection(ProjectConfigurationPlatforms) = postSolution
		{9853218C-059F-DB69-CB20-0007129DE315}.Debug|Any CPU.ActiveCfg = Debug|Any CPU
		{9853218C-059F-DB69-CB20-0007129DE315}.Debug|Any CPU.Build.0 = Debug|Any CPU
		{9853218C-059F-DB69-CB20-0007129DE315}.Release|Any CPU.ActiveCfg = Release|Any CPU
		{9853218C-059F-DB69-CB20-0007129DE315}.Release|Any CPU.Build.0 = Release|Any CPU
	EndGlobalSection
	GlobalSection(SolutionProperties) = preSolution
		HideSolutionNode = FALSE
	EndGlobalSection
					GlobalSection(MonoDevelopProperties) = preSolution
		StartupItem = Assembly-CSharp.csproj
		Policies = $0
		$0.TextStylePolicy = $1
		$1.inheritsSet = null
		$1.scope = text/x-csharp
		$0.CSharpFormattingPolicy = $2
		$2.inheritsSet = Mono
		$2.inheritsScope = text/x-csharp
		$2.scope = text/x-csharp
		$0.TextStylePolicy = $3
		$3.FileWidth = 120
		$3.TabWidth = 4
		$3.IndentWidth = 4
		$3.EolMarker = Unix
		$3.inheritsSet = Mono
		$3.inheritsScope = text/plain
		$3.scope = text/plain
	EndGlobalSection

EndGlobal
