Microsoft Visual Studio Solution File, Format Version 11.00
# Visual Studio 2008

Project("{7DB2BD78-C0C5-0AA8-CBF3-D3628A30EC7C}") = "ReflectionProbes", "Assembly-CSharp.csproj", "{317B2FD8-7323-D188-1EA6-DA30528BBF26}"
EndProject
Global
	GlobalSection(SolutionConfigurationPlatforms) = preSolution
		Debug|Any CPU = Debug|Any CPU
		Release|Any CPU = Release|Any CPU
	EndGlobalSection
	GlobalSection(ProjectConfigurationPlatforms) = postSolution
		{317B2FD8-7323-D188-1EA6-DA30528BBF26}.Debug|Any CPU.ActiveCfg = Debug|Any CPU
		{317B2FD8-7323-D188-1EA6-DA30528BBF26}.Debug|Any CPU.Build.0 = Debug|Any CPU
		{317B2FD8-7323-D188-1EA6-DA30528BBF26}.Release|Any CPU.ActiveCfg = Release|Any CPU
		{317B2FD8-7323-D188-1EA6-DA30528BBF26}.Release|Any CPU.Build.0 = Release|Any CPU
	EndGlobalSection
	GlobalSection(SolutionProperties) = preSolution
		HideSolutionNode = FALSE
	EndGlobalSection
		GlobalSection(MonoDevelopProperties) = preSolution
		StartupItem = Assembly-CSharp.csproj
		Policies = $0
		$0.TextStylePolicy = $1
		$1.inheritsSet = null
		$1.scope = text/x-csharp
		$0.CSharpFormattingPolicy = $2
		$2.inheritsSet = Mono
		$2.inheritsScope = text/x-csharp
		$2.scope = text/x-csharp
		$0.TextStylePolicy = $3
		$3.FileWidth = 120
		$3.TabWidth = 4
		$3.IndentWidth = 4
		$3.EolMarker = Unix
		$3.inheritsSet = Mono
		$3.inheritsScope = text/plain
		$3.scope = text/plain
	EndGlobalSection

EndGlobal
