Microsoft Visual Studio Solution File, Format Version 11.00
# Visual Studio 2008

Project("{DBCB7038-A558-DFF3-C6FC-39AE14AA9DE1}") = "completedUnityProject", "Assembly-CSharp.csproj", "{5B22111D-4E11-F8BE-3CAF-F58D7F2B9CE2}"
EndProject
Project("{DBCB7038-A558-DFF3-C6FC-39AE14AA9DE1}") = "completedUnityProject", "Assembly-CSharp-Editor.csproj", "{1BAB60A0-7DD9-A032-A3B6-1F48AF9EC291}"
EndProject
Global
	GlobalSection(SolutionConfigurationPlatforms) = preSolution
		Debug|Any CPU = Debug|Any CPU
		Release|Any CPU = Release|Any CPU
	EndGlobalSection
	GlobalSection(ProjectConfigurationPlatforms) = postSolution
		{5B22111D-4E11-F8BE-3CAF-F58D7F2B9CE2}.Debug|Any CPU.ActiveCfg = Debug|Any CPU
		{5B22111D-4E11-F8BE-3CAF-F58D7F2B9CE2}.Debug|Any CPU.Build.0 = Debug|Any CPU
		{5B22111D-4E11-F8BE-3CAF-F58D7F2B9CE2}.Release|Any CPU.ActiveCfg = Release|Any CPU
		{5B22111D-4E11-F8BE-3CAF-F58D7F2B9CE2}.Release|Any CPU.Build.0 = Release|Any CPU
		{1BAB60A0-7DD9-A032-A3B6-1F48AF9EC291}.Debug|Any CPU.ActiveCfg = Debug|Any CPU
		{1BAB60A0-7DD9-A032-A3B6-1F48AF9EC291}.Debug|Any CPU.Build.0 = Debug|Any CPU
		{1BAB60A0-7DD9-A032-A3B6-1F48AF9EC291}.Release|Any CPU.ActiveCfg = Release|Any CPU
		{1BAB60A0-7DD9-A032-A3B6-1F48AF9EC291}.Release|Any CPU.Build.0 = Release|Any CPU
	EndGlobalSection
	GlobalSection(SolutionProperties) = preSolution
		HideSolutionNode = FALSE
	EndGlobalSection
			GlobalSection(MonoDevelopProperties) = preSolution
		StartupItem = Assembly-CSharp.csproj
		Policies = $0
		$0.TextStylePolicy = $1
		$1.inheritsSet = null
		$1.scope = text/x-csharp
		$0.CSharpFormattingPolicy = $2
		$2.inheritsSet = Mono
		$2.inheritsScope = text/x-csharp
		$2.scope = text/x-csharp
		$0.TextStylePolicy = $3
		$3.FileWidth = 120
		$3.TabWidth = 4
		$3.EolMarker = Unix
		$3.inheritsSet = Mono
		$3.inheritsScope = text/plain
		$3.scope = text/plain
	EndGlobalSection

EndGlobal
