Microsoft Visual Studio Solution File, Format Version 11.00
# Visual Studio 2008

Project("{696A3373-829D-DD7D-19B4-BC4FB6E0D2DA}") = "Telescopic", "Assembly-CSharp-firstpass-vs.csproj", "{2E001480-EDC3-A29F-C3CD-939BBBE4A54E}"
EndProject
Project("{696A3373-829D-DD7D-19B4-BC4FB6E0D2DA}") = "Telescopic", "Assembly-CSharp-vs.csproj", "{23B2CEC6-6646-9FBF-4DD6-2065F091CF1E}"
EndProject
Project("{696A3373-829D-DD7D-19B4-BC4FB6E0D2DA}") = "Telescopic", "Assembly-CSharp-Editor-vs.csproj", "{6F217E97-6D09-FB1F-6F4D-0C148548B1BC}"
EndProject
Global
	GlobalSection(SolutionConfigurationPlatforms) = preSolution
		Debug|Any CPU = Debug|Any CPU
		Release|Any CPU = Release|Any CPU
	EndGlobalSection
	GlobalSection(ProjectConfigurationPlatforms) = postSolution
		{2E001480-EDC3-A29F-C3CD-939BBBE4A54E}.Debug|Any CPU.ActiveCfg = Debug|Any CPU
		{2E001480-EDC3-A29F-C3CD-939BBBE4A54E}.Debug|Any CPU.Build.0 = Debug|Any CPU
		{2E001480-EDC3-A29F-C3CD-939BBBE4A54E}.Release|Any CPU.ActiveCfg = Release|Any CPU
		{2E001480-EDC3-A29F-C3CD-939BBBE4A54E}.Release|Any CPU.Build.0 = Release|Any CPU
		{23B2CEC6-6646-9FBF-4DD6-2065F091CF1E}.Debug|Any CPU.ActiveCfg = Debug|Any CPU
		{23B2CEC6-6646-9FBF-4DD6-2065F091CF1E}.Debug|Any CPU.Build.0 = Debug|Any CPU
		{23B2CEC6-6646-9FBF-4DD6-2065F091CF1E}.Release|Any CPU.ActiveCfg = Release|Any CPU
		{23B2CEC6-6646-9FBF-4DD6-2065F091CF1E}.Release|Any CPU.Build.0 = Release|Any CPU
		{6F217E97-6D09-FB1F-6F4D-0C148548B1BC}.Debug|Any CPU.ActiveCfg = Debug|Any CPU
		{6F217E97-6D09-FB1F-6F4D-0C148548B1BC}.Debug|Any CPU.Build.0 = Debug|Any CPU
		{6F217E97-6D09-FB1F-6F4D-0C148548B1BC}.Release|Any CPU.ActiveCfg = Release|Any CPU
		{6F217E97-6D09-FB1F-6F4D-0C148548B1BC}.Release|Any CPU.Build.0 = Release|Any CPU
	EndGlobalSection
	GlobalSection(SolutionProperties) = preSolution
		HideSolutionNode = FALSE
	EndGlobalSection
										GlobalSection(MonoDevelopProperties) = preSolution
		StartupItem = Assembly-CSharp.csproj
		Policies = $0
		$0.TextStylePolicy = $1
		$1.inheritsSet = null
		$1.scope = text/x-csharp
		$0.CSharpFormattingPolicy = $2
		$2.inheritsSet = Mono
		$2.inheritsScope = text/x-csharp
		$2.scope = text/x-csharp
		$0.TextStylePolicy = $3
		$3.FileWidth = 120
		$3.TabWidth = 4
		$3.IndentWidth = 4
		$3.EolMarker = Unix
		$3.inheritsSet = Mono
		$3.inheritsScope = text/plain
		$3.scope = text/plain
	EndGlobalSection

EndGlobal
